
Microsoft Visual Studio Solution File, Format Version 12.00
# Visual Studio Version 16
VisualStudioVersion = 16.0.29920.165
MinimumVisualStudioVersion = 10.0.40219.1
Project("{FAE04EC0-301F-11D3-BF4B-00C04F79EFBC}") = "CoffeeShopMenu.ConsoleUI", "CoffeeShopMenu.ConsoleUI.csproj", "{BC95C54B-6A24-4D7C-9F4F-BD821A2ACB37}"
EndProject
Project("{FAE04EC0-301F-11D3-BF4B-00C04F79EFBC}") = "CoffeeShopMenu.Domain", "..\CoffeeShopMenu.Domain\CoffeeShopMenu.Domain.csproj", "{88B16AD3-424C-4F64-BD8C-8A7B78CAC058}"
EndProject
Project("{FAE04EC0-301F-11D3-BF4B-00C04F79EFBC}") = "CoffeeShopMenu.Application", "..\CoffeeShopMenu.Application\CoffeeShopMenu.Application.csproj", "{8A5E8011-ACCC-48A6-8E3E-C2CF73C97423}"
EndProject
Global
	GlobalSection(SolutionConfigurationPlatforms) = preSolution
		Debug|Any CPU = Debug|Any CPU
		Release|Any CPU = Release|Any CPU
	EndGlobalSection
	GlobalSection(ProjectConfigurationPlatforms) = postSolution
		{BC95C54B-6A24-4D7C-9F4F-BD821A2ACB37}.Debug|Any CPU.ActiveCfg = Debug|Any CPU
		{BC95C54B-6A24-4D7C-9F4F-BD821A2ACB37}.Debug|Any CPU.Build.0 = Debug|Any CPU
		{BC95C54B-6A24-4D7C-9F4F-BD821A2ACB37}.Release|Any CPU.ActiveCfg = Release|Any CPU
		{BC95C54B-6A24-4D7C-9F4F-BD821A2ACB37}.Release|Any CPU.Build.0 = Release|Any CPU
		{88B16AD3-424C-4F64-BD8C-8A7B78CAC058}.Debug|Any CPU.ActiveCfg = Debug|Any CPU
		{88B16AD3-424C-4F64-BD8C-8A7B78CAC058}.Debug|Any CPU.Build.0 = Debug|Any CPU
		{88B16AD3-424C-4F64-BD8C-8A7B78CAC058}.Release|Any CPU.ActiveCfg = Release|Any CPU
		{88B16AD3-424C-4F64-BD8C-8A7B78CAC058}.Release|Any CPU.Build.0 = Release|Any CPU
		{8A5E8011-ACCC-48A6-8E3E-C2CF73C97423}.Debug|Any CPU.ActiveCfg = Debug|Any CPU
		{8A5E8011-ACCC-48A6-8E3E-C2CF73C97423}.Debug|Any CPU.Build.0 = Debug|Any CPU
		{8A5E8011-ACCC-48A6-8E3E-C2CF73C97423}.Release|Any CPU.ActiveCfg = Release|Any CPU
		{8A5E8011-ACCC-48A6-8E3E-C2CF73C97423}.Release|Any CPU.Build.0 = Release|Any CPU
	EndGlobalSection
	GlobalSection(SolutionProperties) = preSolution
		HideSolutionNode = FALSE
	EndGlobalSection
	GlobalSection(ExtensibilityGlobals) = postSolution
		SolutionGuid = {5BBBCF84-46D6-4DBE-9FD2-D6F4E7B4A92A}
	EndGlobalSection
EndGlobal
